{
  "name": "simpleini",
  "version": "0.0.6",
  "lockfileVersion": 1,
  "requires": true,
  "dependencies": {
    "nan": {
      "version": "2.14.1",
      "resolved": "https://registry.npm.taobao.org/nan/download/nan-2.14.1.tgz",
      "integrity": "sha1-174036MQW5FJTDFHCJMV7/iHSwE=",
      "dev": true
    }
  }
}
